
Microsoft Visual Studio Solution File, Format Version 12.00
Project("{FAE04EC0-301F-11D3-BF4B-00C04F79EFBC}") = "ActiveMQ.Artemis.Client.Extensions.AspNetCore", "src\ActiveMQ.Artemis.Client.Extensions.AspNetCore\ActiveMQ.Artemis.Client.Extensions.AspNetCore.csproj", "{0F1B1962-6C53-4153-9471-40B92029DB7A}"
EndProject
Project("{2150E333-8FDC-42A3-9474-1A3956D46DE8}") = "Samples", "Samples", "{52FE627B-08F8-40E6-8FAB-23B29B4BB6EE}"
EndProject
Project("{FAE04EC0-301F-11D3-BF4B-00C04F79EFBC}") = "ActiveMQ.Artemis.Client.Examples.AspNetCore", "samples\ActiveMQ.Artemis.Client.Examples.AspNetCore\ActiveMQ.Artemis.Client.Examples.AspNetCore.csproj", "{92585EBE-6D7C-4D4A-A68D-0902A35F1423}"
EndProject
Project("{FAE04EC0-301F-11D3-BF4B-00C04F79EFBC}") = "ActiveMQ.Artemis.Client.Extensions.AspNetCore.Tests", "test\ActiveMQ.Artemis.Client.Extensions.AspNetCore.Tests\ActiveMQ.Artemis.Client.Extensions.AspNetCore.Tests.csproj", "{717C6E89-1E14-459C-AA15-AE9B84D44EEC}"
EndProject
Project("{2150E333-8FDC-42A3-9474-1A3956D46DE8}") = "Tests", "Tests", "{CE6D731E-5904-4250-A005-C2D6D32961B3}"
EndProject
Global
	GlobalSection(SolutionConfigurationPlatforms) = preSolution
		Debug|Any CPU = Debug|Any CPU
		Release|Any CPU = Release|Any CPU
	EndGlobalSection
	GlobalSection(ProjectConfigurationPlatforms) = postSolution
		{0F1B1962-6C53-4153-9471-40B92029DB7A}.Debug|Any CPU.ActiveCfg = Debug|Any CPU
		{0F1B1962-6C53-4153-9471-40B92029DB7A}.Debug|Any CPU.Build.0 = Debug|Any CPU
		{0F1B1962-6C53-4153-9471-40B92029DB7A}.Release|Any CPU.ActiveCfg = Release|Any CPU
		{0F1B1962-6C53-4153-9471-40B92029DB7A}.Release|Any CPU.Build.0 = Release|Any CPU
		{92585EBE-6D7C-4D4A-A68D-0902A35F1423}.Debug|Any CPU.ActiveCfg = Debug|Any CPU
		{92585EBE-6D7C-4D4A-A68D-0902A35F1423}.Debug|Any CPU.Build.0 = Debug|Any CPU
		{92585EBE-6D7C-4D4A-A68D-0902A35F1423}.Release|Any CPU.ActiveCfg = Release|Any CPU
		{92585EBE-6D7C-4D4A-A68D-0902A35F1423}.Release|Any CPU.Build.0 = Release|Any CPU
		{717C6E89-1E14-459C-AA15-AE9B84D44EEC}.Debug|Any CPU.ActiveCfg = Debug|Any CPU
		{717C6E89-1E14-459C-AA15-AE9B84D44EEC}.Debug|Any CPU.Build.0 = Debug|Any CPU
		{717C6E89-1E14-459C-AA15-AE9B84D44EEC}.Release|Any CPU.ActiveCfg = Release|Any CPU
		{717C6E89-1E14-459C-AA15-AE9B84D44EEC}.Release|Any CPU.Build.0 = Release|Any CPU
	EndGlobalSection
	GlobalSection(NestedProjects) = preSolution
		{92585EBE-6D7C-4D4A-A68D-0902A35F1423} = {52FE627B-08F8-40E6-8FAB-23B29B4BB6EE}
		{717C6E89-1E14-459C-AA15-AE9B84D44EEC} = {CE6D731E-5904-4250-A005-C2D6D32961B3}
	EndGlobalSection
EndGlobal
