
Microsoft Visual Studio Solution File, Format Version 12.00
Project("{FAE04EC0-301F-11D3-BF4B-00C04F79EFBC}") = "ActiveMQ.Artemis.Client.Extensions.AspNetCore", "src\ActiveMQ.Artemis.Client.Extensions.AspNetCore\ActiveMQ.Artemis.Client.Extensions.AspNetCore.csproj", "{0F1B1962-6C53-4153-9471-40B92029DB7A}"
EndProject
Global
	GlobalSection(SolutionConfigurationPlatforms) = preSolution
		Debug|Any CPU = Debug|Any CPU
		Release|Any CPU = Release|Any CPU
	EndGlobalSection
	GlobalSection(ProjectConfigurationPlatforms) = postSolution
		{0F1B1962-6C53-4153-9471-40B92029DB7A}.Debug|Any CPU.ActiveCfg = Debug|Any CPU
		{0F1B1962-6C53-4153-9471-40B92029DB7A}.Debug|Any CPU.Build.0 = Debug|Any CPU
		{0F1B1962-6C53-4153-9471-40B92029DB7A}.Release|Any CPU.ActiveCfg = Release|Any CPU
		{0F1B1962-6C53-4153-9471-40B92029DB7A}.Release|Any CPU.Build.0 = Release|Any CPU
	EndGlobalSection
EndGlobal
